// !$*UTF8*$!
{
	archiveVersion = 1;
	classes = {
	};
	objectVersion = 50;
	objects = {

/* Begin PBXBuildFile section */
		7A3595E2242654E300BEB1B5 /* AppDelegate.swift in Sources */ = {isa = PBXBuildFile; fileRef = 7A3595E1242654E300BEB1B5 /* AppDelegate.swift */; };
		7A3595E4242654E300BEB1B5 /* GameScene.sks in Resources */ = {isa = PBXBuildFile; fileRef = 7A3595E3242654E300BEB1B5 /* GameScene.sks */; };
		7A3595E6242654E300BEB1B5 /* Actions.sks in Resources */ = {isa = PBXBuildFile; fileRef = 7A3595E5242654E300BEB1B5 /* Actions.sks */; };
		7A3595E8242654E300BEB1B5 /* GameScene.swift in Sources */ = {isa = PBXBuildFile; fileRef = 7A3595E7242654E300BEB1B5 /* GameScene.swift */; };
		7A3595EA242654E300BEB1B5 /* GameViewController.swift in Sources */ = {isa = PBXBuildFile; fileRef = 7A3595E9242654E300BEB1B5 /* GameViewController.swift */; };
		7A3595ED242654E300BEB1B5 /* Main.storyboard in Resources */ = {isa = PBXBuildFile; fileRef = 7A3595EB242654E300BEB1B5 /* Main.storyboard */; };
		7A3595EF242654E400BEB1B5 /* Assets.xcassets in Resources */ = {isa = PBXBuildFile; fileRef = 7A3595EE242654E400BEB1B5 /* Assets.xcassets */; };
		7A3595F2242654E400BEB1B5 /* LaunchScreen.storyboard in Resources */ = {isa = PBXBuildFile; fileRef = 7A3595F0242654E400BEB1B5 /* LaunchScreen.storyboard */; };
		7A3595FA242655D800BEB1B5 /* .gitignore in Resources */ = {isa = PBXBuildFile; fileRef = 7A3595F9242655D800BEB1B5 /* .gitignore */; };
		7A3595FC2426561500BEB1B5 /* README.md in Resources */ = {isa = PBXBuildFile; fileRef = 7A3595FB2426561500BEB1B5 /* README.md */; };
/* End PBXBuildFile section */

/* Begin PBXFileReference section */
		7A3595DE242654E300BEB1B5 /* confinement_2020.app */ = {isa = PBXFileReference; explicitFileType = wrapper.application; includeInIndex = 0; path = confinement_2020.app; sourceTree = BUILT_PRODUCTS_DIR; };
		7A3595E1242654E300BEB1B5 /* AppDelegate.swift */ = {isa = PBXFileReference; lastKnownFileType = sourcecode.swift; path = AppDelegate.swift; sourceTree = "<group>"; };
		7A3595E3242654E300BEB1B5 /* GameScene.sks */ = {isa = PBXFileReference; lastKnownFileType = file.sks; path = GameScene.sks; sourceTree = "<group>"; };
		7A3595E5242654E300BEB1B5 /* Actions.sks */ = {isa = PBXFileReference; lastKnownFileType = file.sks; path = Actions.sks; sourceTree = "<group>"; };
		7A3595E7242654E300BEB1B5 /* GameScene.swift */ = {isa = PBXFileReference; lastKnownFileType = sourcecode.swift; path = GameScene.swift; sourceTree = "<group>"; };
		7A3595E9242654E300BEB1B5 /* GameViewController.swift */ = {isa = PBXFileReference; lastKnownFileType = sourcecode.swift; path = GameViewController.swift; sourceTree = "<group>"; };
		7A3595EC242654E300BEB1B5 /* Base */ = {isa = PBXFileReference; lastKnownFileType = file.storyboard; name = Base; path = Base.lproj/Main.storyboard; sourceTree = "<group>"; };
		7A3595EE242654E400BEB1B5 /* Assets.xcassets */ = {isa = PBXFileReference; lastKnownFileType = folder.assetcatalog; path = Assets.xcassets; sourceTree = "<group>"; };
		7A3595F1242654E400BEB1B5 /* Base */ = {isa = PBXFileReference; lastKnownFileType = file.storyboard; name = Base; path = Base.lproj/LaunchScreen.storyboard; sourceTree = "<group>"; };
		7A3595F3242654E400BEB1B5 /* Info.plist */ = {isa = PBXFileReference; lastKnownFileType = text.plist.xml; path = Info.plist; sourceTree = "<group>"; };
		7A3595F9242655D800BEB1B5 /* .gitignore */ = {isa = PBXFileReference; lastKnownFileType = text; path = .gitignore; sourceTree = "<group>"; };
		7A3595FB2426561500BEB1B5 /* README.md */ = {isa = PBXFileReference; lastKnownFileType = net.daringfireball.markdown; path = README.md; sourceTree = "<group>"; };
/* End PBXFileReference section */

/* Begin PBXFrameworksBuildPhase section */
		7A3595DB242654E300BEB1B5 /* Frameworks */ = {
			isa = PBXFrameworksBuildPhase;
			buildActionMask = 2147483647;
			files = (
			);
			runOnlyForDeploymentPostprocessing = 0;
		};
/* End PBXFrameworksBuildPhase section */

/* Begin PBXGroup section */
		7A3595D5242654E300BEB1B5 = {
			isa = PBXGroup;
			children = (
				7A3595E0242654E300BEB1B5 /* confinement_2020 */,
				7A3595DF242654E300BEB1B5 /* Products */,
			);
			sourceTree = "<group>";
		};
		7A3595DF242654E300BEB1B5 /* Products */ = {
			isa = PBXGroup;
			children = (
				7A3595DE242654E300BEB1B5 /* confinement_2020.app */,
			);
			name = Products;
			sourceTree = "<group>";
		};
		7A3595E0242654E300BEB1B5 /* confinement_2020 */ = {
			isa = PBXGroup;
			children = (
				7A3595EE242654E400BEB1B5 /* Assets.xcassets */,
				7A3595E3242654E300BEB1B5 /* GameScene.sks */,
				7A3595E5242654E300BEB1B5 /* Actions.sks */,
				7A3595E1242654E300BEB1B5 /* AppDelegate.swift */,
				7A3595E7242654E300BEB1B5 /* GameScene.swift */,
				7A3595E9242654E300BEB1B5 /* GameViewController.swift */,
				7A3595EB242654E300BEB1B5 /* Main.storyboard */,
				7A3595F0242654E400BEB1B5 /* LaunchScreen.storyboard */,
				7A3595F3242654E400BEB1B5 /* Info.plist */,
				7A3595F9242655D800BEB1B5 /* .gitignore */,
				7A3595FB2426561500BEB1B5 /* README.md */,
			);
			path = confinement_2020;
			sourceTree = "<group>";
		};
/* End PBXGroup section */

/* Begin PBXNativeTarget section */
		7A3595DD242654E300BEB1B5 /* confinement_2020 */ = {
			isa = PBXNativeTarget;
			buildConfigurationList = 7A3595F6242654E400BEB1B5 /* Build configuration list for PBXNativeTarget "confinement_2020" */;
			buildPhases = (
				7A3595DA242654E300BEB1B5 /* Sources */,
				7A3595DB242654E300BEB1B5 /* Frameworks */,
				7A3595DC242654E300BEB1B5 /* Resources */,
			);
			buildRules = (
			);
			dependencies = (
			);
			name = confinement_2020;
			productName = confinement_2020;
			productReference = 7A3595DE242654E300BEB1B5 /* confinement_2020.app */;
			productType = "com.apple.product-type.application";
		};
/* End PBXNativeTarget section */

/* Begin PBXProject section */
		7A3595D6242654E300BEB1B5 /* Project object */ = {
			isa = PBXProject;
			attributes = {
				LastSwiftUpdateCheck = 1130;
				LastUpgradeCheck = 1130;
				ORGANIZATIONNAME = "Romain Margheriti";
				TargetAttributes = {
					7A3595DD242654E300BEB1B5 = {
						CreatedOnToolsVersion = 11.3.1;
					};
				};
			};
			buildConfigurationList = 7A3595D9242654E300BEB1B5 /* Build configuration list for PBXProject "confinement_2020" */;
			compatibilityVersion = "Xcode 9.3";
			developmentRegion = en;
			hasScannedForEncodings = 0;
			knownRegions = (
				en,
				Base,
			);
			mainGroup = 7A3595D5242654E300BEB1B5;
			productRefGroup = 7A3595DF242654E300BEB1B5 /* Products */;
			projectDirPath = "";
			projectRoot = "";
			targets = (
				7A3595DD242654E300BEB1B5 /* confinement_2020 */,
			);
		};
/* End PBXProject section */

/* Begin PBXResourcesBuildPhase section */
		7A3595DC242654E300BEB1B5 /* Resources */ = {
			isa = PBXResourcesBuildPhase;
			buildActionMask = 2147483647;
			files = (
				7A3595ED242654E300BEB1B5 /* Main.storyboard in Resources */,
				7A3595E4242654E300BEB1B5 /* GameScene.sks in Resources */,
				7A3595EF242654E400BEB1B5 /* Assets.xcassets in Resources */,
				7A3595FC2426561500BEB1B5 /* README.md in Resources */,
				7A3595F2242654E400BEB1B5 /* LaunchScreen.storyboard in Resources */,
				7A3595FA242655D800BEB1B5 /* .gitignore in Resources */,
				7A3595E6242654E300BEB1B5 /* Actions.sks in Resources */,
			);
			runOnlyForDeploymentPostprocessing = 0;
		};
/* End PBXResourcesBuildPhase section */

/* Begin PBXSourcesBuildPhase section */
		7A3595DA242654E300BEB1B5 /* Sources */ = {
			isa = PBXSourcesBuildPhase;
			buildActionMask = 2147483647;
			files = (
				7A3595E8242654E300BEB1B5 /* GameScene.swift in Sources */,
				7A3595EA242654E300BEB1B5 /* GameViewController.swift in Sources */,
				7A3595E2242654E300BEB1B5 /* AppDelegate.swift in Sources */,
			);
			runOnlyForDeploymentPostprocessing = 0;
		};
/* End PBXSourcesBuildPhase section */

/* Begin PBXVariantGroup section */
		7A3595EB242654E300BEB1B5 /* Main.storyboard */ = {
			isa = PBXVariantGroup;
			children = (
				7A3595EC242654E300BEB1B5 /* Base */,
			);
			name = Main.storyboard;
			sourceTree = "<group>";
		};
		7A3595F0242654E400BEB1B5 /* LaunchScreen.storyboard */ = {
			isa = PBXVariantGroup;
			children = (
				7A3595F1242654E400BEB1B5 /* Base */,
			);
			name = LaunchScreen.storyboard;
			sourceTree = "<group>";
		};
/* End PBXVariantGroup section */

/* Begin XCBuildConfiguration section */
		7A3595F4242654E400BEB1B5 /* Debug */ = {
			isa = XCBuildConfiguration;
			buildSettings = {
				ALWAYS_SEARCH_USER_PATHS = NO;
				CLANG_ANALYZER_NONNULL = YES;
				CLANG_ANALYZER_NUMBER_OBJECT_CONVERSION = YES_AGGRESSIVE;
				CLANG_CXX_LANGUAGE_STANDARD = "gnu++14";
				CLANG_CXX_LIBRARY = "libc++";
				CLANG_ENABLE_MODULES = YES;
				CLANG_ENABLE_OBJC_ARC = YES;
				CLANG_ENABLE_OBJC_WEAK = YES;
				CLANG_WARN_BLOCK_CAPTURE_AUTORELEASING = YES;
				CLANG_WARN_BOOL_CONVERSION = YES;
				CLANG_WARN_COMMA = YES;
				CLANG_WARN_CONSTANT_CONVERSION = YES;
				CLANG_WARN_DEPRECATED_OBJC_IMPLEMENTATIONS = YES;
				CLANG_WARN_DIRECT_OBJC_ISA_USAGE = YES_ERROR;
				CLANG_WARN_DOCUMENTATION_COMMENTS = YES;
				CLANG_WARN_EMPTY_BODY = YES;
				CLANG_WARN_ENUM_CONVERSION = YES;
				CLANG_WARN_INFINITE_RECURSION = YES;
				CLANG_WARN_INT_CONVERSION = YES;
				CLANG_WARN_NON_LITERAL_NULL_CONVERSION = YES;
				CLANG_WARN_OBJC_IMPLICIT_RETAIN_SELF = YES;
				CLANG_WARN_OBJC_LITERAL_CONVERSION = YES;
				CLANG_WARN_OBJC_ROOT_CLASS = YES_ERROR;
				CLANG_WARN_RANGE_LOOP_ANALYSIS = YES;
				CLANG_WARN_STRICT_PROTOTYPES = YES;
				CLANG_WARN_SUSPICIOUS_MOVE = YES;
				CLANG_WARN_UNGUARDED_AVAILABILITY = YES_AGGRESSIVE;
				CLANG_WARN_UNREACHABLE_CODE = YES;
				CLANG_WARN__DUPLICATE_METHOD_MATCH = YES;
				COPY_PHASE_STRIP = NO;
				DEBUG_INFORMATION_FORMAT = dwarf;
				ENABLE_STRICT_OBJC_MSGSEND = YES;
				ENABLE_TESTABILITY = YES;
				GCC_C_LANGUAGE_STANDARD = gnu11;
				GCC_DYNAMIC_NO_PIC = NO;
				GCC_NO_COMMON_BLOCKS = YES;
				GCC_OPTIMIZATION_LEVEL = 0;
				GCC_PREPROCESSOR_DEFINITIONS = (
					"DEBUG=1",
					"$(inherited)",
				);
				GCC_WARN_64_TO_32_BIT_CONVERSION = YES;
				GCC_WARN_ABOUT_RETURN_TYPE = YES_ERROR;
				GCC_WARN_UNDECLARED_SELECTOR = YES;
				GCC_WARN_UNINITIALIZED_AUTOS = YES_AGGRESSIVE;
				GCC_WARN_UNUSED_FUNCTION = YES;
				GCC_WARN_UNUSED_VARIABLE = YES;
				IPHONEOS_DEPLOYMENT_TARGET = 13.2;
				MTL_ENABLE_DEBUG_INFO = INCLUDE_SOURCE;
				MTL_FAST_MATH = YES;
				ONLY_ACTIVE_ARCH = YES;
				SDKROOT = iphoneos;
				SWIFT_ACTIVE_COMPILATION_CONDITIONS = DEBUG;
				SWIFT_OPTIMIZATION_LEVEL = "-Onone";
			};
			name = Debug;
		};
		7A3595F5242654E400BEB1B5 /* Release */ = {
			isa = XCBuildConfiguration;
			buildSettings = {
				ALWAYS_SEARCH_USER_PATHS = NO;
				CLANG_ANALYZER_NONNULL = YES;
				CLANG_ANALYZER_NUMBER_OBJECT_CONVERSION = YES_AGGRESSIVE;
				CLANG_CXX_LANGUAGE_STANDARD = "gnu++14";
				CLANG_CXX_LIBRARY = "libc++";
				CLANG_ENABLE_MODULES = YES;
				CLANG_ENABLE_OBJC_ARC = YES;
				CLANG_ENABLE_OBJC_WEAK = YES;
				CLANG_WARN_BLOCK_CAPTURE_AUTORELEASING = YES;
				CLANG_WARN_BOOL_CONVERSION = YES;
				CLANG_WARN_COMMA = YES;
				CLANG_WARN_CONSTANT_CONVERSION = YES;
				CLANG_WARN_DEPRECATED_OBJC_IMPLEMENTATIONS = YES;
				CLANG_WARN_DIRECT_OBJC_ISA_USAGE = YES_ERROR;
				CLANG_WARN_DOCUMENTATION_COMMENTS = YES;
				CLANG_WARN_EMPTY_BODY = YES;
				CLANG_WARN_ENUM_CONVERSION = YES;
				CLANG_WARN_INFINITE_RECURSION = YES;
				CLANG_WARN_INT_CONVERSION = YES;
				CLANG_WARN_NON_LITERAL_NULL_CONVERSION = YES;
				CLANG_WARN_OBJC_IMPLICIT_RETAIN_SELF = YES;
				CLANG_WARN_OBJC_LITERAL_CONVERSION = YES;
				CLANG_WARN_OBJC_ROOT_CLASS = YES_ERROR;
				CLANG_WARN_RANGE_LOOP_ANALYSIS = YES;
				CLANG_WARN_STRICT_PROTOTYPES = YES;
				CLANG_WARN_SUSPICIOUS_MOVE = YES;
				CLANG_WARN_UNGUARDED_AVAILABILITY = YES_AGGRESSIVE;
				CLANG_WARN_UNREACHABLE_CODE = YES;
				CLANG_WARN__DUPLICATE_METHOD_MATCH = YES;
				COPY_PHASE_STRIP = NO;
				DEBUG_INFORMATION_FORMAT = "dwarf-with-dsym";
				ENABLE_NS_ASSERTIONS = NO;
				ENABLE_STRICT_OBJC_MSGSEND = YES;
				GCC_C_LANGUAGE_STANDARD = gnu11;
				GCC_NO_COMMON_BLOCKS = YES;
				GCC_WARN_64_TO_32_BIT_CONVERSION = YES;
				GCC_WARN_ABOUT_RETURN_TYPE = YES_ERROR;
				GCC_WARN_UNDECLARED_SELECTOR = YES;
				GCC_WARN_UNINITIALIZED_AUTOS = YES_AGGRESSIVE;
				GCC_WARN_UNUSED_FUNCTION = YES;
				GCC_WARN_UNUSED_VARIABLE = YES;
				IPHONEOS_DEPLOYMENT_TARGET = 13.2;
				MTL_ENABLE_DEBUG_INFO = NO;
				MTL_FAST_MATH = YES;
				SDKROOT = iphoneos;
				SWIFT_COMPILATION_MODE = wholemodule;
				SWIFT_OPTIMIZATION_LEVEL = "-O";
				VALIDATE_PRODUCT = YES;
			};
			name = Release;
		};
		7A3595F7242654E400BEB1B5 /* Debug */ = {
			isa = XCBuildConfiguration;
			buildSettings = {
				ASSETCATALOG_COMPILER_APPICON_NAME = AppIcon;
				CODE_SIGN_STYLE = Automatic;
				DEVELOPMENT_TEAM = 6VS4TL3Z23;
				INFOPLIST_FILE = confinement_2020/Info.plist;
				LD_RUNPATH_SEARCH_PATHS = (
					"$(inherited)",
					"@executable_path/Frameworks",
				);
				PRODUCT_BUNDLE_IDENTIFIER = "fr.margheriti.confinement-2020";
				PRODUCT_NAME = "$(TARGET_NAME)";
				SWIFT_VERSION = 5.0;
				TARGETED_DEVICE_FAMILY = "1,2";
			};
			name = Debug;
		};
		7A3595F8242654E400BEB1B5 /* Release */ = {
			isa = XCBuildConfiguration;
			buildSettings = {
				ASSETCATALOG_COMPILER_APPICON_NAME = AppIcon;
				CODE_SIGN_STYLE = Automatic;
				DEVELOPMENT_TEAM = 6VS4TL3Z23;
				INFOPLIST_FILE = confinement_2020/Info.plist;
				LD_RUNPATH_SEARCH_PATHS = (
					"$(inherited)",
					"@executable_path/Frameworks",
				);
				PRODUCT_BUNDLE_IDENTIFIER = "fr.margheriti.confinement-2020";
				PRODUCT_NAME = "$(TARGET_NAME)";
				SWIFT_VERSION = 5.0;
				TARGETED_DEVICE_FAMILY = "1,2";
			};
			name = Release;
		};
/* End XCBuildConfiguration section */

/* Begin XCConfigurationList section */
		7A3595D9242654E300BEB1B5 /* Build configuration list for PBXProject "confinement_2020" */ = {
			isa = XCConfigurationList;
			buildConfigurations = (
				7A3595F4242654E400BEB1B5 /* Debug */,
				7A3595F5242654E400BEB1B5 /* Release */,
			);
			defaultConfigurationIsVisible = 0;
			defaultConfigurationName = Release;
		};
		7A3595F6242654E400BEB1B5 /* Build configuration list for PBXNativeTarget "confinement_2020" */ = {
			isa = XCConfigurationList;
			buildConfigurations = (
				7A3595F7242654E400BEB1B5 /* Debug */,
				7A3595F8242654E400BEB1B5 /* Release */,
			);
			defaultConfigurationIsVisible = 0;
			defaultConfigurationName = Release;
		};
/* End XCConfigurationList section */
	};
	rootObject = 7A3595D6242654E300BEB1B5 /* Project object */;
}
